<?xml version="1.0" encoding="utf-8"?>
<Project ToolsVersion="4.0" xmlns="http://schemas.microsoft.com/developer/msbuild/2003">
  <ItemGroup>
    <Filter Include="General">
      <UniqueIdentifier>{1511ed53-a1c8-432f-b292-c1fba6ba2bcd}</UniqueIdentifier>
    </Filter>
    <Filter Include="Games">
      <UniqueIdentifier>{8f32d11a-a58a-41b2-a824-1fc0c7cdc8a4}</UniqueIdentifier>
    </Filter>
    <Filter Include="Games\Demo">
      <UniqueIdentifier>{285139ba-15a7-4fad-84b1-cc711f79adf5}</UniqueIdentifier>
    </Filter>
    <Filter Include="Games\QBERT">
      <UniqueIdentifier>{01837dfc-6b52-4eda-9a42-45fcc19d36fd}</UniqueIdentifier>
    </Filter>
    <Filter Include="Games\QBERT\Scenes">
      <UniqueIdentifier>{a312d75b-bb76-4b68-91d8-587df1aac237}</UniqueIdentifier>
    </Filter>
    <Filter Include="Games\Demo\Scenes">
      <UniqueIdentifier>{1052462e-fe91-42e8-b30b-319b2fd5903b}</UniqueIdentifier>
    </Filter>
    <Filter Include="Games\QBERT\Level">
      <UniqueIdentifier>{3c6b5cc1-3b84-4233-b33a-5bafeeb13651}</UniqueIdentifier>
    </Filter>
    <Filter Include="Games\QBERT\Characters">
      <UniqueIdentifier>{72bc6cb5-0b13-43ea-88be-b2cd186fc057}</UniqueIdentifier>
    </Filter>
    <Filter Include="Games\QBERT\Menu">
      <UniqueIdentifier>{dc68c11c-7ff6-4282-a036-c8136c85160c}</UniqueIdentifier>
    </Filter>
    <Filter Include="Games\QBERT\Observers">
      <UniqueIdentifier>{ffe671ae-6989-4bc9-ac84-1117bd8ca74d}</UniqueIdentifier>
    </Filter>
  </ItemGroup>
  <ItemGroup>
    <ClCompile Include="Game.cpp">
      <Filter>General</Filter>
    </ClCompile>
    <ClCompile Include="MiniGame.cpp">
      <Filter>General</Filter>
    </ClCompile>
    <ClCompile Include="QBertGame.cpp">
      <Filter>Games\QBERT</Filter>
    </ClCompile>
    <ClCompile Include="DemoGame.cpp">
      <Filter>Games\Demo</Filter>
    </ClCompile>
    <ClCompile Include="Scene_Demo.cpp">
      <Filter>Games\Demo\Scenes</Filter>
    </ClCompile>
    <ClCompile Include="MiniGamePCH.cpp">
      <Filter>General</Filter>
    </ClCompile>
    <ClCompile Include="Scene_01.cpp">
      <Filter>Games\QBERT\Scenes</Filter>
    </ClCompile>
    <ClCompile Include="Cube.cpp">
      <Filter>Games\QBERT\Level</Filter>
    </ClCompile>
    <ClCompile Include="QBERT.cpp">
      <Filter>Games\QBERT\Characters</Filter>
    </ClCompile>
    <ClCompile Include="MainMenu.cpp">
      <Filter>Games\QBERT\Menu</Filter>
    </ClCompile>
    <ClCompile Include="Connection.cpp">
      <Filter>Games\QBERT\Level</Filter>
    </ClCompile>
    <ClCompile Include="Level.cpp">
      <Filter>Games\QBERT\Level</Filter>
    </ClCompile>
    <ClCompile Include="Scene_02.cpp">
      <Filter>Games\QBERT\Scenes</Filter>
    </ClCompile>
    <ClCompile Include="LevelObserver.cpp">
      <Filter>Games\QBERT\Observers</Filter>
    </ClCompile>
    <ClCompile Include="HealthObserver.cpp">
      <Filter>Games\QBERT\Observers</Filter>
    </ClCompile>
    <ClCompile Include="ScoreObserver.cpp">
      <Filter>Games\QBERT\Observers</Filter>
    </ClCompile>
    <ClCompile Include="Scene_03.cpp">
      <Filter>Games\QBERT\Scenes</Filter>
    </ClCompile>
    <ClCompile Include="CubeObserver.cpp">
      <Filter>Games\QBERT\Observers</Filter>
    </ClCompile>
  </ItemGroup>
  <ItemGroup>
    <ClInclude Include="Game.h">
      <Filter>General</Filter>
    </ClInclude>
    <ClInclude Include="QBertGame.h">
      <Filter>Games\QBERT</Filter>
    </ClInclude>
    <ClInclude Include="DemoGame.h">
      <Filter>Games\Demo</Filter>
    </ClInclude>
    <ClInclude Include="Scene_Demo.h">
      <Filter>Games\Demo\Scenes</Filter>
    </ClInclude>
    <ClInclude Include="MiniGamePCH.h">
      <Filter>General</Filter>
    </ClInclude>
    <ClInclude Include="Scene_01.h">
      <Filter>Games\QBERT\Scenes</Filter>
    </ClInclude>
    <ClInclude Include="Cube.h">
      <Filter>Games\QBERT\Level</Filter>
    </ClInclude>
    <ClInclude Include="QBERT.h">
      <Filter>Games\QBERT\Characters</Filter>
    </ClInclude>
    <ClInclude Include="MainMenu.h">
      <Filter>Games\QBERT\Menu</Filter>
    </ClInclude>
    <ClInclude Include="Connection.h">
      <Filter>Games\QBERT\Level</Filter>
    </ClInclude>
    <ClInclude Include="Level.h">
      <Filter>Games\QBERT\Level</Filter>
    </ClInclude>
    <ClInclude Include="Scene_02.h">
      <Filter>Games\QBERT\Scenes</Filter>
    </ClInclude>
    <ClInclude Include="LevelObserver.h">
      <Filter>Games\QBERT\Observers</Filter>
    </ClInclude>
    <ClInclude Include="HealthObserver.h">
      <Filter>Games\QBERT\Observers</Filter>
    </ClInclude>
    <ClInclude Include="ScoreObserver.h">
      <Filter>Games\QBERT\Observers</Filter>
    </ClInclude>
    <ClInclude Include="Scene_03.h">
      <Filter>Games\QBERT\Scenes</Filter>
    </ClInclude>
    <ClInclude Include="CubeObserver.h">
      <Filter>Games\QBERT\Observers</Filter>
    </ClInclude>
  </ItemGroup>
</Project>