<?xml version="1.0" encoding="utf-8"?>
<Project ToolsVersion="4.0" xmlns="http://schemas.microsoft.com/developer/msbuild/2003">
  <ItemGroup>
    <Filter Include="General">
      <UniqueIdentifier>{9c65c775-0f0c-4831-8649-b62454c9179a}</UniqueIdentifier>
    </Filter>
    <Filter Include="Managers">
      <UniqueIdentifier>{d3b6f1b4-3e0b-4f7e-a992-c82a3e1aba86}</UniqueIdentifier>
    </Filter>
    <Filter Include="Helper">
      <UniqueIdentifier>{dcfa7b67-efab-4b3d-8e7d-e0038c611329}</UniqueIdentifier>
    </Filter>
    <Filter Include="dae">
      <UniqueIdentifier>{163488e0-11bd-4919-9731-15ab03738ff2}</UniqueIdentifier>
    </Filter>
    <Filter Include="IMGUI">
      <UniqueIdentifier>{23aad100-9742-4301-8482-5a10197b6911}</UniqueIdentifier>
    </Filter>
    <Filter Include="Pattern">
      <UniqueIdentifier>{d1e2d609-93d7-4c49-8d08-f3dda095e3d1}</UniqueIdentifier>
    </Filter>
    <Filter Include="Pattern\Components">
      <UniqueIdentifier>{73baf3dd-3748-4ddb-a1f1-e60002c0a7fc}</UniqueIdentifier>
    </Filter>
    <Filter Include="Pattern\Observer">
      <UniqueIdentifier>{b03fc66b-54c1-4b00-a40a-e43acc901fa1}</UniqueIdentifier>
    </Filter>
    <Filter Include="Pattern\Command">
      <UniqueIdentifier>{462c6b4c-43a5-4b4d-9df8-2572bd0b119a}</UniqueIdentifier>
    </Filter>
  </ItemGroup>
  <ItemGroup>
    <ClInclude Include="Component.h">
      <Filter>Pattern\Components</Filter>
    </ClInclude>
    <ClInclude Include="Minigin.h">
      <Filter>General</Filter>
    </ClInclude>
    <ClInclude Include="MiniginPCH.h">
      <Filter>General</Filter>
    </ClInclude>
    <ClInclude Include="RenderComponent.h">
      <Filter>Pattern\Components</Filter>
    </ClInclude>
    <ClInclude Include="InputManager.h">
      <Filter>Managers</Filter>
    </ClInclude>
    <ClInclude Include="ResourceManager.h">
      <Filter>Managers</Filter>
    </ClInclude>
    <ClInclude Include="SceneManager.h">
      <Filter>Managers</Filter>
    </ClInclude>
    <ClInclude Include="Timer.h">
      <Filter>Helper</Filter>
    </ClInclude>
    <ClInclude Include="TextureComponent.h">
      <Filter>Pattern\Components</Filter>
    </ClInclude>
    <ClInclude Include="TransformComponent.h">
      <Filter>Pattern\Components</Filter>
    </ClInclude>
    <ClInclude Include="FPSComponent.h">
      <Filter>Pattern\Components</Filter>
    </ClInclude>
    <ClInclude Include="TextComponent.h">
      <Filter>Pattern\Components</Filter>
    </ClInclude>
    <ClInclude Include="SceneObject.h">
      <Filter>dae</Filter>
    </ClInclude>
    <ClInclude Include="GameObject.h">
      <Filter>dae</Filter>
    </ClInclude>
    <ClInclude Include="TextObject.h">
      <Filter>dae</Filter>
    </ClInclude>
    <ClInclude Include="Singleton.h">
      <Filter>dae</Filter>
    </ClInclude>
    <ClInclude Include="Scene.h">
      <Filter>dae</Filter>
    </ClInclude>
    <ClInclude Include="Font.h">
      <Filter>dae</Filter>
    </ClInclude>
    <ClInclude Include="Renderer.h">
      <Filter>dae</Filter>
    </ClInclude>
    <ClInclude Include="Texture2D.h">
      <Filter>dae</Filter>
    </ClInclude>
    <ClInclude Include="Transform.h">
      <Filter>dae</Filter>
    </ClInclude>
    <ClInclude Include="..\3rdParty\imgui-1.81\imconfig.h">
      <Filter>IMGUI</Filter>
    </ClInclude>
    <ClInclude Include="..\3rdParty\imgui-1.81\imgui.h">
      <Filter>IMGUI</Filter>
    </ClInclude>
    <ClInclude Include="..\3rdParty\imgui-1.81\imgui_internal.h">
      <Filter>IMGUI</Filter>
    </ClInclude>
    <ClInclude Include="..\3rdParty\imgui-1.81\imstb_rectpack.h">
      <Filter>IMGUI</Filter>
    </ClInclude>
    <ClInclude Include="..\3rdParty\imgui-1.81\imstb_textedit.h">
      <Filter>IMGUI</Filter>
    </ClInclude>
    <ClInclude Include="..\3rdParty\imgui-1.81\imstb_truetype.h">
      <Filter>IMGUI</Filter>
    </ClInclude>
    <ClInclude Include="..\3rdParty\imgui-1.81\backends\imgui_impl_opengl2.h">
      <Filter>IMGUI</Filter>
    </ClInclude>
    <ClInclude Include="..\3rdParty\imgui-1.81\backends\imgui_impl_sdl.h">
      <Filter>IMGUI</Filter>
    </ClInclude>
    <ClInclude Include="Observer.h">
      <Filter>Pattern\Observer</Filter>
    </ClInclude>
    <ClInclude Include="HealthComponent.h">
      <Filter>Pattern\Components</Filter>
    </ClInclude>
    <ClInclude Include="Observers.h">
      <Filter>Pattern\Observer</Filter>
    </ClInclude>
    <ClInclude Include="Command.h">
      <Filter>Pattern\Command</Filter>
    </ClInclude>
    <ClInclude Include="LevelComponent.h">
      <Filter>Pattern\Components</Filter>
    </ClInclude>
    <ClInclude Include="ScoreComponent.h">
      <Filter>Pattern\Components</Filter>
    </ClInclude>
  </ItemGroup>
  <ItemGroup>
    <ClCompile Include="Component.cpp">
      <Filter>Pattern\Components</Filter>
    </ClCompile>
    <ClCompile Include="Main.cpp">
      <Filter>General</Filter>
    </ClCompile>
    <ClCompile Include="Minigin.cpp">
      <Filter>General</Filter>
    </ClCompile>
    <ClCompile Include="MiniginPCH.cpp">
      <Filter>General</Filter>
    </ClCompile>
    <ClCompile Include="RenderComponent.cpp">
      <Filter>Pattern\Components</Filter>
    </ClCompile>
    <ClCompile Include="InputManager.cpp">
      <Filter>Managers</Filter>
    </ClCompile>
    <ClCompile Include="ResourceManager.cpp">
      <Filter>Managers</Filter>
    </ClCompile>
    <ClCompile Include="SceneManager.cpp">
      <Filter>Managers</Filter>
    </ClCompile>
    <ClCompile Include="Timer.cpp">
      <Filter>Helper</Filter>
    </ClCompile>
    <ClCompile Include="TextureComponent.cpp">
      <Filter>Pattern\Components</Filter>
    </ClCompile>
    <ClCompile Include="TransformComponent.cpp">
      <Filter>Pattern\Components</Filter>
    </ClCompile>
    <ClCompile Include="FPSComponent.cpp">
      <Filter>Pattern\Components</Filter>
    </ClCompile>
    <ClCompile Include="TextComponent.cpp">
      <Filter>Pattern\Components</Filter>
    </ClCompile>
    <ClCompile Include="GameObject.cpp">
      <Filter>dae</Filter>
    </ClCompile>
    <ClCompile Include="TextObject.cpp">
      <Filter>dae</Filter>
    </ClCompile>
    <ClCompile Include="Scene.cpp">
      <Filter>dae</Filter>
    </ClCompile>
    <ClCompile Include="Font.cpp">
      <Filter>dae</Filter>
    </ClCompile>
    <ClCompile Include="Renderer.cpp">
      <Filter>dae</Filter>
    </ClCompile>
    <ClCompile Include="Texture2D.cpp">
      <Filter>dae</Filter>
    </ClCompile>
    <ClCompile Include="Transform.cpp">
      <Filter>dae</Filter>
    </ClCompile>
    <ClCompile Include="..\3rdParty\imgui-1.81\imgui.cpp">
      <Filter>IMGUI</Filter>
    </ClCompile>
    <ClCompile Include="..\3rdParty\imgui-1.81\imgui_demo.cpp">
      <Filter>IMGUI</Filter>
    </ClCompile>
    <ClCompile Include="..\3rdParty\imgui-1.81\imgui_draw.cpp">
      <Filter>IMGUI</Filter>
    </ClCompile>
    <ClCompile Include="..\3rdParty\imgui-1.81\imgui_tables.cpp">
      <Filter>IMGUI</Filter>
    </ClCompile>
    <ClCompile Include="..\3rdParty\imgui-1.81\imgui_widgets.cpp">
      <Filter>IMGUI</Filter>
    </ClCompile>
    <ClCompile Include="..\3rdParty\imgui-1.81\backends\imgui_impl_opengl2.cpp">
      <Filter>IMGUI</Filter>
    </ClCompile>
    <ClCompile Include="..\3rdParty\imgui-1.81\backends\imgui_impl_sdl.cpp">
      <Filter>IMGUI</Filter>
    </ClCompile>
    <ClCompile Include="Observer.cpp">
      <Filter>Pattern\Observer</Filter>
    </ClCompile>
    <ClCompile Include="Observers.cpp">
      <Filter>Pattern\Observer</Filter>
    </ClCompile>
    <ClCompile Include="Command.cpp">
      <Filter>Pattern\Command</Filter>
    </ClCompile>
    <ClCompile Include="HealthComponent.cpp">
      <Filter>Pattern\Components</Filter>
    </ClCompile>
    <ClCompile Include="LevelComponent.cpp">
      <Filter>Pattern\Components</Filter>
    </ClCompile>
    <ClCompile Include="ScoreComponent.cpp">
      <Filter>Pattern\Components</Filter>
    </ClCompile>
  </ItemGroup>
</Project>